
Microsoft Visual Studio Solution File, Format Version 12.00
# Visual Studio 2012
Project("{FAE04EC0-301F-11D3-BF4B-00C04F79EFBC}") = "ET_logger", "ET_logger\ET_logger.csproj", "{646594DD-8889-4894-9F3D-B1460E919B6D}"
EndProject
Global
	GlobalSection(SolutionConfigurationPlatforms) = preSolution
		Debug|Any CPU = Debug|Any CPU
		Release|Any CPU = Release|Any CPU
	EndGlobalSection
	GlobalSection(ProjectConfigurationPlatforms) = postSolution
		{646594DD-8889-4894-9F3D-B1460E919B6D}.Debug|Any CPU.ActiveCfg = Debug|Any CPU
		{646594DD-8889-4894-9F3D-B1460E919B6D}.Debug|Any CPU.Build.0 = Debug|Any CPU
		{646594DD-8889-4894-9F3D-B1460E919B6D}.Release|Any CPU.ActiveCfg = Release|Any CPU
		{646594DD-8889-4894-9F3D-B1460E919B6D}.Release|Any CPU.Build.0 = Release|Any CPU
	EndGlobalSection
	GlobalSection(SolutionProperties) = preSolution
		HideSolutionNode = FALSE
	EndGlobalSection
EndGlobal
